
Microsoft Visual Studio Solution File, Format Version 12.00
# Visual Studio Version 17
VisualStudioVersion = 17.5.33530.505
MinimumVisualStudioVersion = 10.0.40219.1
Project("{FAE04EC0-301F-11D3-BF4B-00C04F79EFBC}") = "Assesment Question 2 - Error handling using Try and Catch", "Assesment Question 2 - Error handling using Try and Catch.csproj", "{554E52DC-B915-4AB2-B6C8-BD5FEF9543F9}"
EndProject
Global
	GlobalSection(SolutionConfigurationPlatforms) = preSolution
		Debug|Any CPU = Debug|Any CPU
		Release|Any CPU = Release|Any CPU
	EndGlobalSection
	GlobalSection(ProjectConfigurationPlatforms) = postSolution
		{554E52DC-B915-4AB2-B6C8-BD5FEF9543F9}.Debug|Any CPU.ActiveCfg = Debug|Any CPU
		{554E52DC-B915-4AB2-B6C8-BD5FEF9543F9}.Debug|Any CPU.Build.0 = Debug|Any CPU
		{554E52DC-B915-4AB2-B6C8-BD5FEF9543F9}.Release|Any CPU.ActiveCfg = Release|Any CPU
		{554E52DC-B915-4AB2-B6C8-BD5FEF9543F9}.Release|Any CPU.Build.0 = Release|Any CPU
	EndGlobalSection
	GlobalSection(SolutionProperties) = preSolution
		HideSolutionNode = FALSE
	EndGlobalSection
	GlobalSection(ExtensibilityGlobals) = postSolution
		SolutionGuid = {AA370DA7-6CA3-4F98-A488-120468A5F0F6}
	EndGlobalSection
EndGlobal
